
Microsoft Visual Studio Solution File, Format Version 12.00
# Visual Studio 2012
Project("{FAE04EC0-301F-11D3-BF4B-00C04F79EFBC}") = "Copier", "Client\Copier.csproj", "{2F47800A-BDF3-45EB-B77E-BE01B12E23A2}"
EndProject
Project("{FAE04EC0-301F-11D3-BF4B-00C04F79EFBC}") = "CopierPluginBase", "CopierPluginBase\CopierPluginBase.csproj", "{060A458F-73CB-4610-AD62-FC519BFDEEBF}"
EndProject
Global
	GlobalSection(SolutionConfigurationPlatforms) = preSolution
		Debug|Any CPU = Debug|Any CPU
		Release|Any CPU = Release|Any CPU
	EndGlobalSection
	GlobalSection(ProjectConfigurationPlatforms) = postSolution
		{2F47800A-BDF3-45EB-B77E-BE01B12E23A2}.Debug|Any CPU.ActiveCfg = Debug|Any CPU
		{2F47800A-BDF3-45EB-B77E-BE01B12E23A2}.Debug|Any CPU.Build.0 = Debug|Any CPU
		{2F47800A-BDF3-45EB-B77E-BE01B12E23A2}.Release|Any CPU.ActiveCfg = Release|Any CPU
		{2F47800A-BDF3-45EB-B77E-BE01B12E23A2}.Release|Any CPU.Build.0 = Release|Any CPU
		{060A458F-73CB-4610-AD62-FC519BFDEEBF}.Debug|Any CPU.ActiveCfg = Debug|Any CPU
		{060A458F-73CB-4610-AD62-FC519BFDEEBF}.Debug|Any CPU.Build.0 = Debug|Any CPU
		{060A458F-73CB-4610-AD62-FC519BFDEEBF}.Release|Any CPU.ActiveCfg = Release|Any CPU
		{060A458F-73CB-4610-AD62-FC519BFDEEBF}.Release|Any CPU.Build.0 = Release|Any CPU
	EndGlobalSection
EndGlobal
